
Microsoft Visual Studio Solution File, Format Version 12.00
# Visual Studio 15
VisualStudioVersion = 15.0.28307.757
MinimumVisualStudioVersion = 10.0.40219.1
Project("{8BC9CEB8-8B4A-11D0-8D11-00A0C91BC942}") = "Ch3_Lab1", "Ch3_Lab1\Ch3_Lab1.vcxproj", "{CEAA59CB-F306-40F9-B339-90B8797827F6}"
EndProject
Global
	GlobalSection(SolutionConfigurationPlatforms) = preSolution
		Debug|x64 = Debug|x64
		Debug|x86 = Debug|x86
		Release|x64 = Release|x64
		Release|x86 = Release|x86
	EndGlobalSection
	GlobalSection(ProjectConfigurationPlatforms) = postSolution
		{CEAA59CB-F306-40F9-B339-90B8797827F6}.Debug|x64.ActiveCfg = Debug|x64
		{CEAA59CB-F306-40F9-B339-90B8797827F6}.Debug|x64.Build.0 = Debug|x64
		{CEAA59CB-F306-40F9-B339-90B8797827F6}.Debug|x86.ActiveCfg = Debug|Win32
		{CEAA59CB-F306-40F9-B339-90B8797827F6}.Debug|x86.Build.0 = Debug|Win32
		{CEAA59CB-F306-40F9-B339-90B8797827F6}.Release|x64.ActiveCfg = Release|x64
		{CEAA59CB-F306-40F9-B339-90B8797827F6}.Release|x64.Build.0 = Release|x64
		{CEAA59CB-F306-40F9-B339-90B8797827F6}.Release|x86.ActiveCfg = Release|Win32
		{CEAA59CB-F306-40F9-B339-90B8797827F6}.Release|x86.Build.0 = Release|Win32
	EndGlobalSection
	GlobalSection(SolutionProperties) = preSolution
		HideSolutionNode = FALSE
	EndGlobalSection
	GlobalSection(ExtensibilityGlobals) = postSolution
		SolutionGuid = {8F80E39C-9030-4E8D-A579-3EC83F62265F}
	EndGlobalSection
EndGlobal
